
Microsoft Visual Studio Solution File, Format Version 12.00
# Visual Studio 15
VisualStudioVersion = 15.0.26430.16
MinimumVisualStudioVersion = 10.0.40219.1
Project("{FAE04EC0-301F-11D3-BF4B-00C04F79EFBC}") = "SistemaVendas.WPF", "SistemaVendas.WPF\SistemaVendas.WPF.csproj", "{C9CD128A-ACA2-4EAE-A7A7-94D1384D43A6}"
EndProject
Project("{FAE04EC0-301F-11D3-BF4B-00C04F79EFBC}") = "SistemaVendas.Banco", "SistemaVendas.Banco\SistemaVendas.Banco.csproj", "{62F55202-6F46-4D64-8AC7-27D1675406EE}"
EndProject
Project("{FAE04EC0-301F-11D3-BF4B-00C04F79EFBC}") = "SistemaVendas.WPF.DAO.Tests", "SistemaVendas.WPF.DAO.Tests\SistemaVendas.WPF.DAO.Tests.csproj", "{D317872E-34B9-4067-961A-A27E96933D52}"
EndProject
Project("{FAE04EC0-301F-11D3-BF4B-00C04F79EFBC}") = "SistemaVendas.WPF.Controller.Tests", "SistemaVendas.WPF.Controller.Tests\SistemaVendas.WPF.Controller.Tests.csproj", "{43401CAF-20A0-4D42-A580-6F4509D7C4E1}"
EndProject
Global
	GlobalSection(SolutionConfigurationPlatforms) = preSolution
		Debug|Any CPU = Debug|Any CPU
		Release|Any CPU = Release|Any CPU
	EndGlobalSection
	GlobalSection(ProjectConfigurationPlatforms) = postSolution
		{C9CD128A-ACA2-4EAE-A7A7-94D1384D43A6}.Debug|Any CPU.ActiveCfg = Debug|Any CPU
		{C9CD128A-ACA2-4EAE-A7A7-94D1384D43A6}.Debug|Any CPU.Build.0 = Debug|Any CPU
		{C9CD128A-ACA2-4EAE-A7A7-94D1384D43A6}.Release|Any CPU.ActiveCfg = Release|Any CPU
		{C9CD128A-ACA2-4EAE-A7A7-94D1384D43A6}.Release|Any CPU.Build.0 = Release|Any CPU
		{62F55202-6F46-4D64-8AC7-27D1675406EE}.Debug|Any CPU.ActiveCfg = Debug|Any CPU
		{62F55202-6F46-4D64-8AC7-27D1675406EE}.Debug|Any CPU.Build.0 = Debug|Any CPU
		{62F55202-6F46-4D64-8AC7-27D1675406EE}.Release|Any CPU.ActiveCfg = Release|Any CPU
		{62F55202-6F46-4D64-8AC7-27D1675406EE}.Release|Any CPU.Build.0 = Release|Any CPU
		{D317872E-34B9-4067-961A-A27E96933D52}.Debug|Any CPU.ActiveCfg = Debug|Any CPU
		{D317872E-34B9-4067-961A-A27E96933D52}.Debug|Any CPU.Build.0 = Debug|Any CPU
		{D317872E-34B9-4067-961A-A27E96933D52}.Release|Any CPU.ActiveCfg = Release|Any CPU
		{D317872E-34B9-4067-961A-A27E96933D52}.Release|Any CPU.Build.0 = Release|Any CPU
		{43401CAF-20A0-4D42-A580-6F4509D7C4E1}.Debug|Any CPU.ActiveCfg = Debug|Any CPU
		{43401CAF-20A0-4D42-A580-6F4509D7C4E1}.Debug|Any CPU.Build.0 = Debug|Any CPU
		{43401CAF-20A0-4D42-A580-6F4509D7C4E1}.Release|Any CPU.ActiveCfg = Release|Any CPU
		{43401CAF-20A0-4D42-A580-6F4509D7C4E1}.Release|Any CPU.Build.0 = Release|Any CPU
	EndGlobalSection
	GlobalSection(SolutionProperties) = preSolution
		HideSolutionNode = FALSE
	EndGlobalSection
EndGlobal
